// !$*UTF8*$!
{
	archiveVersion = 1;
	classes = {
	};
	objectVersion = 48;
	objects = {

/* Begin PBXBuildFile section */
		39115AD22063461B008BE0C9 /* ModuleRequest.swift in Sources */ = {isa = PBXBuildFile; fileRef = 39115AD12063461B008BE0C9 /* ModuleRequest.swift */; };
		39115AD4206348C9008BE0C9 /* ModuleResponse.swift in Sources */ = {isa = PBXBuildFile; fileRef = 39115AD3206348C9008BE0C9 /* ModuleResponse.swift */; };
		39115AD720635C55008BE0C9 /* ErrorReporter.swift in Sources */ = {isa = PBXBuildFile; fileRef = 39115AD620635C55008BE0C9 /* ErrorReporter.swift */; };
		39115ADA20637EDC008BE0C9 /* CollectionModuleMapper.swift in Sources */ = {isa = PBXBuildFile; fileRef = 39115AD920637EDC008BE0C9 /* CollectionModuleMapper.swift */; };
		3936C9C51FF0E01400F3A3E7 /* ListCell.swift in Sources */ = {isa = PBXBuildFile; fileRef = 3936C9C41FF0E01400F3A3E7 /* ListCell.swift */; };
		3963E0921FA8206900FD701D /* SiberianVIPER.h in Headers */ = {isa = PBXBuildFile; fileRef = 3963E0901FA8206900FD701D /* SiberianVIPER.h */; settings = {ATTRIBUTES = (Public, ); }; };
		3963E09A1FA8217500FD701D /* CollectionModelGeneric.swift in Sources */ = {isa = PBXBuildFile; fileRef = 3963E0991FA8217500FD701D /* CollectionModelGeneric.swift */; };
		3963E09C1FA8240A00FD701D /* Closeable.swift in Sources */ = {isa = PBXBuildFile; fileRef = 3963E09B1FA8240A00FD701D /* Closeable.swift */; };
		3963E09F1FA8244500FD701D /* UIView+Closeable.swift in Sources */ = {isa = PBXBuildFile; fileRef = 3963E09E1FA8244500FD701D /* UIView+Closeable.swift */; };
		3963E0A11FA8245200FD701D /* UIViewController+Closeable.swift in Sources */ = {isa = PBXBuildFile; fileRef = 3963E0A01FA8245200FD701D /* UIViewController+Closeable.swift */; };
		3963E0A31FA8248E00FD701D /* CloseableRouter.swift in Sources */ = {isa = PBXBuildFile; fileRef = 3963E0A21FA8248E00FD701D /* CloseableRouter.swift */; };
		3963E0A61FA824EB00FD701D /* Startable.swift in Sources */ = {isa = PBXBuildFile; fileRef = 3963E0A51FA824EB00FD701D /* Startable.swift */; };
		3963E0A81FA8251600FD701D /* Presenter.swift in Sources */ = {isa = PBXBuildFile; fileRef = 3963E0A71FA8251600FD701D /* Presenter.swift */; };
		3963E0AB1FA825B600FD701D /* SiberianCollection.swift in Sources */ = {isa = PBXBuildFile; fileRef = 3963E0AA1FA825B600FD701D /* SiberianCollection.swift */; };
		398C51F91FF0A2EF00FE2FF3 /* CloseableModule.swift in Sources */ = {isa = PBXBuildFile; fileRef = 398C51F81FF0A2EF00FE2FF3 /* CloseableModule.swift */; };
		398C51FD1FF0A33100FE2FF3 /* Awaitable.swift in Sources */ = {isa = PBXBuildFile; fileRef = 398C51FC1FF0A33100FE2FF3 /* Awaitable.swift */; };
		398C52191FF0A83A00FE2FF3 /* ListPresenter.swift in Sources */ = {isa = PBXBuildFile; fileRef = 398C52121FF0A83A00FE2FF3 /* ListPresenter.swift */; };
		398C521A1FF0A83A00FE2FF3 /* ListRouter.swift in Sources */ = {isa = PBXBuildFile; fileRef = 398C52131FF0A83A00FE2FF3 /* ListRouter.swift */; };
		398C521B1FF0A83A00FE2FF3 /* ListViewController.swift in Sources */ = {isa = PBXBuildFile; fileRef = 398C52141FF0A83A00FE2FF3 /* ListViewController.swift */; };
		398C521C1FF0A83A00FE2FF3 /* ListAssembly.swift in Sources */ = {isa = PBXBuildFile; fileRef = 398C52151FF0A83A00FE2FF3 /* ListAssembly.swift */; };
		398C521D1FF0A83A00FE2FF3 /* ListInteractor.swift in Sources */ = {isa = PBXBuildFile; fileRef = 398C52161FF0A83A00FE2FF3 /* ListInteractor.swift */; };
		398C521E1FF0A83A00FE2FF3 /* ListEntities.swift in Sources */ = {isa = PBXBuildFile; fileRef = 398C52171FF0A83A00FE2FF3 /* ListEntities.swift */; };
		398C521F1FF0A83A00FE2FF3 /* ListService.swift in Sources */ = {isa = PBXBuildFile; fileRef = 398C52181FF0A83A00FE2FF3 /* ListService.swift */; };
		398C52211FF0AB8300FE2FF3 /* CollectionPresenter.swift in Sources */ = {isa = PBXBuildFile; fileRef = 398C52201FF0AB8300FE2FF3 /* CollectionPresenter.swift */; };
		39C6A9801FECC4BA005D40C5 /* BusyViewModel.swift in Sources */ = {isa = PBXBuildFile; fileRef = 39C6A97F1FECC4BA005D40C5 /* BusyViewModel.swift */; };
		39C6A9821FECC4CB005D40C5 /* CollectionViewModel.swift in Sources */ = {isa = PBXBuildFile; fileRef = 39C6A9811FECC4CB005D40C5 /* CollectionViewModel.swift */; };
		39CC0B1D1FE17A33008144D3 /* AppDelegate.swift in Sources */ = {isa = PBXBuildFile; fileRef = 39CC0B1C1FE17A33008144D3 /* AppDelegate.swift */; };
		39CC0B221FE17A33008144D3 /* Main.storyboard in Resources */ = {isa = PBXBuildFile; fileRef = 39CC0B201FE17A33008144D3 /* Main.storyboard */; };
		39CC0B241FE17A33008144D3 /* Assets.xcassets in Resources */ = {isa = PBXBuildFile; fileRef = 39CC0B231FE17A33008144D3 /* Assets.xcassets */; };
		39CC0B271FE17A33008144D3 /* LaunchScreen.storyboard in Resources */ = {isa = PBXBuildFile; fileRef = 39CC0B251FE17A33008144D3 /* LaunchScreen.storyboard */; };
		39CC0B341FE17A67008144D3 /* WelcomePresenter.swift in Sources */ = {isa = PBXBuildFile; fileRef = 39CC0B2D1FE17A67008144D3 /* WelcomePresenter.swift */; };
		39CC0B351FE17A67008144D3 /* WelcomeRouter.swift in Sources */ = {isa = PBXBuildFile; fileRef = 39CC0B2E1FE17A67008144D3 /* WelcomeRouter.swift */; };
		39CC0B361FE17A67008144D3 /* WelcomeViewController.swift in Sources */ = {isa = PBXBuildFile; fileRef = 39CC0B2F1FE17A67008144D3 /* WelcomeViewController.swift */; };
		39CC0B371FE17A67008144D3 /* WelcomeAssembly.swift in Sources */ = {isa = PBXBuildFile; fileRef = 39CC0B301FE17A67008144D3 /* WelcomeAssembly.swift */; };
		39CC0B381FE17A67008144D3 /* WelcomeInteractor.swift in Sources */ = {isa = PBXBuildFile; fileRef = 39CC0B311FE17A67008144D3 /* WelcomeInteractor.swift */; };
		39CC0B391FE17A67008144D3 /* WelcomeEntities.swift in Sources */ = {isa = PBXBuildFile; fileRef = 39CC0B321FE17A67008144D3 /* WelcomeEntities.swift */; };
		39CC0B3A1FE17A67008144D3 /* WelcomeService.swift in Sources */ = {isa = PBXBuildFile; fileRef = 39CC0B331FE17A67008144D3 /* WelcomeService.swift */; };
		39D6E0141FDEB6710031A670 /* SiberianCollectionDelegate.swift in Sources */ = {isa = PBXBuildFile; fileRef = 39D6E0131FDEB6710031A670 /* SiberianCollectionDelegate.swift */; };
		39D6E0161FDEB6C30031A670 /* CollectionChange.swift in Sources */ = {isa = PBXBuildFile; fileRef = 39D6E0151FDEB6C30031A670 /* CollectionChange.swift */; };
		39D6E0181FDEB7010031A670 /* UIKit+Siberia.swift in Sources */ = {isa = PBXBuildFile; fileRef = 39D6E0171FDEB7010031A670 /* UIKit+Siberia.swift */; };
/* End PBXBuildFile section */

/* Begin PBXContainerItemProxy section */
		398C520E1FF0A63500FE2FF3 /* PBXContainerItemProxy */ = {
			isa = PBXContainerItemProxy;
			containerPortal = 3963E0841FA8206900FD701D /* Project object */;
			proxyType = 1;
			remoteGlobalIDString = 3963E08C1FA8206900FD701D;
			remoteInfo = SiberianVIPER;
		};
/* End PBXContainerItemProxy section */

/* Begin PBXFileReference section */
		39115AD12063461B008BE0C9 /* ModuleRequest.swift */ = {isa = PBXFileReference; lastKnownFileType = sourcecode.swift; path = ModuleRequest.swift; sourceTree = "<group>"; };
		39115AD3206348C9008BE0C9 /* ModuleResponse.swift */ = {isa = PBXFileReference; lastKnownFileType = sourcecode.swift; path = ModuleResponse.swift; sourceTree = "<group>"; };
		39115AD620635C55008BE0C9 /* ErrorReporter.swift */ = {isa = PBXFileReference; lastKnownFileType = sourcecode.swift; path = ErrorReporter.swift; sourceTree = "<group>"; };
		39115AD920637EDC008BE0C9 /* CollectionModuleMapper.swift */ = {isa = PBXFileReference; lastKnownFileType = sourcecode.swift; path = CollectionModuleMapper.swift; sourceTree = "<group>"; };
		3936C9C41FF0E01400F3A3E7 /* ListCell.swift */ = {isa = PBXFileReference; lastKnownFileType = sourcecode.swift; path = ListCell.swift; sourceTree = "<group>"; };
		3963E08D1FA8206900FD701D /* SiberianVIPER.framework */ = {isa = PBXFileReference; explicitFileType = wrapper.framework; includeInIndex = 0; path = SiberianVIPER.framework; sourceTree = BUILT_PRODUCTS_DIR; };
		3963E0901FA8206900FD701D /* SiberianVIPER.h */ = {isa = PBXFileReference; lastKnownFileType = sourcecode.c.h; path = SiberianVIPER.h; sourceTree = "<group>"; };
		3963E0911FA8206900FD701D /* Info.plist */ = {isa = PBXFileReference; lastKnownFileType = text.plist.xml; path = Info.plist; sourceTree = "<group>"; };
		3963E0991FA8217500FD701D /* CollectionModelGeneric.swift */ = {isa = PBXFileReference; lastKnownFileType = sourcecode.swift; path = CollectionModelGeneric.swift; sourceTree = "<group>"; };
		3963E09B1FA8240A00FD701D /* Closeable.swift */ = {isa = PBXFileReference; lastKnownFileType = sourcecode.swift; path = Closeable.swift; sourceTree = "<group>"; };
		3963E09E1FA8244500FD701D /* UIView+Closeable.swift */ = {isa = PBXFileReference; lastKnownFileType = sourcecode.swift; path = "UIView+Closeable.swift"; sourceTree = "<group>"; };
		3963E0A01FA8245200FD701D /* UIViewController+Closeable.swift */ = {isa = PBXFileReference; lastKnownFileType = sourcecode.swift; path = "UIViewController+Closeable.swift"; sourceTree = "<group>"; };
		3963E0A21FA8248E00FD701D /* CloseableRouter.swift */ = {isa = PBXFileReference; lastKnownFileType = sourcecode.swift; path = CloseableRouter.swift; sourceTree = "<group>"; };
		3963E0A51FA824EB00FD701D /* Startable.swift */ = {isa = PBXFileReference; lastKnownFileType = sourcecode.swift; path = Startable.swift; sourceTree = "<group>"; };
		3963E0A71FA8251600FD701D /* Presenter.swift */ = {isa = PBXFileReference; lastKnownFileType = sourcecode.swift; path = Presenter.swift; sourceTree = "<group>"; };
		3963E0AA1FA825B600FD701D /* SiberianCollection.swift */ = {isa = PBXFileReference; lastKnownFileType = sourcecode.swift; path = SiberianCollection.swift; sourceTree = "<group>"; };
		398C51F81FF0A2EF00FE2FF3 /* CloseableModule.swift */ = {isa = PBXFileReference; lastKnownFileType = sourcecode.swift; path = CloseableModule.swift; sourceTree = "<group>"; };
		398C51FC1FF0A33100FE2FF3 /* Awaitable.swift */ = {isa = PBXFileReference; lastKnownFileType = sourcecode.swift; path = Awaitable.swift; sourceTree = "<group>"; };
		398C52121FF0A83A00FE2FF3 /* ListPresenter.swift */ = {isa = PBXFileReference; lastKnownFileType = sourcecode.swift; path = ListPresenter.swift; sourceTree = "<group>"; };
		398C52131FF0A83A00FE2FF3 /* ListRouter.swift */ = {isa = PBXFileReference; lastKnownFileType = sourcecode.swift; path = ListRouter.swift; sourceTree = "<group>"; };
		398C52141FF0A83A00FE2FF3 /* ListViewController.swift */ = {isa = PBXFileReference; lastKnownFileType = sourcecode.swift; path = ListViewController.swift; sourceTree = "<group>"; };
		398C52151FF0A83A00FE2FF3 /* ListAssembly.swift */ = {isa = PBXFileReference; lastKnownFileType = sourcecode.swift; path = ListAssembly.swift; sourceTree = "<group>"; };
		398C52161FF0A83A00FE2FF3 /* ListInteractor.swift */ = {isa = PBXFileReference; lastKnownFileType = sourcecode.swift; path = ListInteractor.swift; sourceTree = "<group>"; };
		398C52171FF0A83A00FE2FF3 /* ListEntities.swift */ = {isa = PBXFileReference; lastKnownFileType = sourcecode.swift; path = ListEntities.swift; sourceTree = "<group>"; };
		398C52181FF0A83A00FE2FF3 /* ListService.swift */ = {isa = PBXFileReference; lastKnownFileType = sourcecode.swift; path = ListService.swift; sourceTree = "<group>"; };
		398C52201FF0AB8300FE2FF3 /* CollectionPresenter.swift */ = {isa = PBXFileReference; lastKnownFileType = sourcecode.swift; path = CollectionPresenter.swift; sourceTree = "<group>"; };
		39C6A97F1FECC4BA005D40C5 /* BusyViewModel.swift */ = {isa = PBXFileReference; lastKnownFileType = sourcecode.swift; path = BusyViewModel.swift; sourceTree = "<group>"; };
		39C6A9811FECC4CB005D40C5 /* CollectionViewModel.swift */ = {isa = PBXFileReference; lastKnownFileType = sourcecode.swift; path = CollectionViewModel.swift; sourceTree = "<group>"; };
		39CC0B1A1FE17A33008144D3 /* Example.app */ = {isa = PBXFileReference; explicitFileType = wrapper.application; includeInIndex = 0; path = Example.app; sourceTree = BUILT_PRODUCTS_DIR; };
		39CC0B1C1FE17A33008144D3 /* AppDelegate.swift */ = {isa = PBXFileReference; lastKnownFileType = sourcecode.swift; path = AppDelegate.swift; sourceTree = "<group>"; };
		39CC0B211FE17A33008144D3 /* Base */ = {isa = PBXFileReference; lastKnownFileType = file.storyboard; name = Base; path = Base.lproj/Main.storyboard; sourceTree = "<group>"; };
		39CC0B231FE17A33008144D3 /* Assets.xcassets */ = {isa = PBXFileReference; lastKnownFileType = folder.assetcatalog; path = Assets.xcassets; sourceTree = "<group>"; };
		39CC0B261FE17A33008144D3 /* Base */ = {isa = PBXFileReference; lastKnownFileType = file.storyboard; name = Base; path = Base.lproj/LaunchScreen.storyboard; sourceTree = "<group>"; };
		39CC0B281FE17A33008144D3 /* Info.plist */ = {isa = PBXFileReference; lastKnownFileType = text.plist.xml; path = Info.plist; sourceTree = "<group>"; };
		39CC0B2D1FE17A67008144D3 /* WelcomePresenter.swift */ = {isa = PBXFileReference; lastKnownFileType = sourcecode.swift; path = WelcomePresenter.swift; sourceTree = "<group>"; };
		39CC0B2E1FE17A67008144D3 /* WelcomeRouter.swift */ = {isa = PBXFileReference; lastKnownFileType = sourcecode.swift; path = WelcomeRouter.swift; sourceTree = "<group>"; };
		39CC0B2F1FE17A67008144D3 /* WelcomeViewController.swift */ = {isa = PBXFileReference; lastKnownFileType = sourcecode.swift; path = WelcomeViewController.swift; sourceTree = "<group>"; };
		39CC0B301FE17A67008144D3 /* WelcomeAssembly.swift */ = {isa = PBXFileReference; lastKnownFileType = sourcecode.swift; path = WelcomeAssembly.swift; sourceTree = "<group>"; };
		39CC0B311FE17A67008144D3 /* WelcomeInteractor.swift */ = {isa = PBXFileReference; lastKnownFileType = sourcecode.swift; path = WelcomeInteractor.swift; sourceTree = "<group>"; };
		39CC0B321FE17A67008144D3 /* WelcomeEntities.swift */ = {isa = PBXFileReference; lastKnownFileType = sourcecode.swift; path = WelcomeEntities.swift; sourceTree = "<group>"; };
		39CC0B331FE17A67008144D3 /* WelcomeService.swift */ = {isa = PBXFileReference; lastKnownFileType = sourcecode.swift; path = WelcomeService.swift; sourceTree = "<group>"; };
		39D6E0131FDEB6710031A670 /* SiberianCollectionDelegate.swift */ = {isa = PBXFileReference; lastKnownFileType = sourcecode.swift; path = SiberianCollectionDelegate.swift; sourceTree = "<group>"; };
		39D6E0151FDEB6C30031A670 /* CollectionChange.swift */ = {isa = PBXFileReference; lastKnownFileType = sourcecode.swift; path = CollectionChange.swift; sourceTree = "<group>"; };
		39D6E0171FDEB7010031A670 /* UIKit+Siberia.swift */ = {isa = PBXFileReference; lastKnownFileType = sourcecode.swift; path = "UIKit+Siberia.swift"; sourceTree = "<group>"; };
/* End PBXFileReference section */

/* Begin PBXFrameworksBuildPhase section */
		3963E0891FA8206900FD701D /* Frameworks */ = {
			isa = PBXFrameworksBuildPhase;
			buildActionMask = 2147483647;
			files = (
			);
			runOnlyForDeploymentPostprocessing = 0;
		};
		39CC0B171FE17A33008144D3 /* Frameworks */ = {
			isa = PBXFrameworksBuildPhase;
			buildActionMask = 2147483647;
			files = (
			);
			runOnlyForDeploymentPostprocessing = 0;
		};
/* End PBXFrameworksBuildPhase section */

/* Begin PBXGroup section */
		39115AD0206345E2008BE0C9 /* ModuleEntities */ = {
			isa = PBXGroup;
			children = (
				39115AD12063461B008BE0C9 /* ModuleRequest.swift */,
				39115AD3206348C9008BE0C9 /* ModuleResponse.swift */,
			);
			path = ModuleEntities;
			sourceTree = "<group>";
		};
		39115AD520635C41008BE0C9 /* ErrorReporting */ = {
			isa = PBXGroup;
			children = (
				39115AD620635C55008BE0C9 /* ErrorReporter.swift */,
			);
			path = ErrorReporting;
			sourceTree = "<group>";
		};
		39115AD820637EC3008BE0C9 /* ModuleMapper */ = {
			isa = PBXGroup;
			children = (
				39115AD920637EDC008BE0C9 /* CollectionModuleMapper.swift */,
			);
			path = ModuleMapper;
			sourceTree = "<group>";
		};
		39115ADB20639596008BE0C9 /* Collection */ = {
			isa = PBXGroup;
			children = (
			);
			path = Collection;
			sourceTree = "<group>";
		};
		3936C9C31FF0E00400F3A3E7 /* Cells */ = {
			isa = PBXGroup;
			children = (
				3936C9C41FF0E01400F3A3E7 /* ListCell.swift */,
			);
			path = Cells;
			sourceTree = "<group>";
		};
		3963E0831FA8206900FD701D = {
			isa = PBXGroup;
			children = (
				3963E08F1FA8206900FD701D /* SiberianVIPER */,
				39CC0B1B1FE17A33008144D3 /* Example */,
				3963E08E1FA8206900FD701D /* Products */,
				398C51FF1FF0A57600FE2FF3 /* Frameworks */,
			);
			sourceTree = "<group>";
		};
		3963E08E1FA8206900FD701D /* Products */ = {
			isa = PBXGroup;
			children = (
				3963E08D1FA8206900FD701D /* SiberianVIPER.framework */,
				39CC0B1A1FE17A33008144D3 /* Example.app */,
			);
			name = Products;
			sourceTree = "<group>";
		};
		3963E08F1FA8206900FD701D /* SiberianVIPER */ = {
			isa = PBXGroup;
			children = (
				3963E0981FA8208100FD701D /* Classes */,
				3963E0901FA8206900FD701D /* SiberianVIPER.h */,
				3963E0911FA8206900FD701D /* Info.plist */,
			);
			path = SiberianVIPER;
			sourceTree = "<group>";
		};
		3963E0981FA8208100FD701D /* Classes */ = {
			isa = PBXGroup;
			children = (
				39115AD820637EC3008BE0C9 /* ModuleMapper */,
				39115AD520635C41008BE0C9 /* ErrorReporting */,
				39115AD0206345E2008BE0C9 /* ModuleEntities */,
				398C51FB1FF0A31D00FE2FF3 /* Awaitable */,
				39C6A97E1FECC4A7005D40C5 /* ViewModel */,
				39C6A97D1FECC482005D40C5 /* Presenter */,
				3963E0A91FA8259600FD701D /* Collection */,
				3963E0A41FA824DE00FD701D /* Startable */,
				3963E09D1FA8243300FD701D /* Closeable */,
			);
			path = Classes;
			sourceTree = "<group>";
		};
		3963E09D1FA8243300FD701D /* Closeable */ = {
			isa = PBXGroup;
			children = (
				3963E09B1FA8240A00FD701D /* Closeable.swift */,
				3963E09E1FA8244500FD701D /* UIView+Closeable.swift */,
				3963E0A01FA8245200FD701D /* UIViewController+Closeable.swift */,
				3963E0A21FA8248E00FD701D /* CloseableRouter.swift */,
				398C51F81FF0A2EF00FE2FF3 /* CloseableModule.swift */,
			);
			path = Closeable;
			sourceTree = "<group>";
		};
		3963E0A41FA824DE00FD701D /* Startable */ = {
			isa = PBXGroup;
			children = (
				3963E0A51FA824EB00FD701D /* Startable.swift */,
			);
			path = Startable;
			sourceTree = "<group>";
		};
		3963E0A91FA8259600FD701D /* Collection */ = {
			isa = PBXGroup;
			children = (
				3963E0991FA8217500FD701D /* CollectionModelGeneric.swift */,
				3963E0AA1FA825B600FD701D /* SiberianCollection.swift */,
				39D6E0131FDEB6710031A670 /* SiberianCollectionDelegate.swift */,
				39D6E0151FDEB6C30031A670 /* CollectionChange.swift */,
				39D6E0171FDEB7010031A670 /* UIKit+Siberia.swift */,
			);
			path = Collection;
			sourceTree = "<group>";
		};
		398C51FB1FF0A31D00FE2FF3 /* Awaitable */ = {
			isa = PBXGroup;
			children = (
				398C51FC1FF0A33100FE2FF3 /* Awaitable.swift */,
			);
			path = Awaitable;
			sourceTree = "<group>";
		};
		398C51FF1FF0A57600FE2FF3 /* Frameworks */ = {
			isa = PBXGroup;
			children = (
			);
			name = Frameworks;
			sourceTree = "<group>";
		};
		398C52101FF0A78900FE2FF3 /* Welcome */ = {
			isa = PBXGroup;
			children = (
				39CC0B2D1FE17A67008144D3 /* WelcomePresenter.swift */,
				39CC0B2E1FE17A67008144D3 /* WelcomeRouter.swift */,
				39CC0B2F1FE17A67008144D3 /* WelcomeViewController.swift */,
				39CC0B301FE17A67008144D3 /* WelcomeAssembly.swift */,
				39CC0B311FE17A67008144D3 /* WelcomeInteractor.swift */,
				39CC0B321FE17A67008144D3 /* WelcomeEntities.swift */,
				39CC0B331FE17A67008144D3 /* WelcomeService.swift */,
			);
			path = Welcome;
			sourceTree = "<group>";
		};
		398C52111FF0A81800FE2FF3 /* List */ = {
			isa = PBXGroup;
			children = (
				3936C9C31FF0E00400F3A3E7 /* Cells */,
				398C52121FF0A83A00FE2FF3 /* ListPresenter.swift */,
				398C52131FF0A83A00FE2FF3 /* ListRouter.swift */,
				398C52141FF0A83A00FE2FF3 /* ListViewController.swift */,
				398C52151FF0A83A00FE2FF3 /* ListAssembly.swift */,
				398C52161FF0A83A00FE2FF3 /* ListInteractor.swift */,
				398C52171FF0A83A00FE2FF3 /* ListEntities.swift */,
				398C52181FF0A83A00FE2FF3 /* ListService.swift */,
			);
			path = List;
			sourceTree = "<group>";
		};
		39C6A97D1FECC482005D40C5 /* Presenter */ = {
			isa = PBXGroup;
			children = (
				3963E0A71FA8251600FD701D /* Presenter.swift */,
				398C52201FF0AB8300FE2FF3 /* CollectionPresenter.swift */,
			);
			path = Presenter;
			sourceTree = "<group>";
		};
		39C6A97E1FECC4A7005D40C5 /* ViewModel */ = {
			isa = PBXGroup;
			children = (
				39C6A97F1FECC4BA005D40C5 /* BusyViewModel.swift */,
				39C6A9811FECC4CB005D40C5 /* CollectionViewModel.swift */,
			);
			path = ViewModel;
			sourceTree = "<group>";
		};
		39CC0B1B1FE17A33008144D3 /* Example */ = {
			isa = PBXGroup;
			children = (
				39CC0B2C1FE17A41008144D3 /* Modules */,
				39CC0B1C1FE17A33008144D3 /* AppDelegate.swift */,
				39CC0B201FE17A33008144D3 /* Main.storyboard */,
				39CC0B231FE17A33008144D3 /* Assets.xcassets */,
				39CC0B251FE17A33008144D3 /* LaunchScreen.storyboard */,
				39CC0B281FE17A33008144D3 /* Info.plist */,
			);
			path = Example;
			sourceTree = "<group>";
		};
		39CC0B2C1FE17A41008144D3 /* Modules */ = {
			isa = PBXGroup;
			children = (
				39115ADB20639596008BE0C9 /* Collection */,
				398C52101FF0A78900FE2FF3 /* Welcome */,
				398C52111FF0A81800FE2FF3 /* List */,
			);
			path = Modules;
			sourceTree = "<group>";
		};
/* End PBXGroup section */

/* Begin PBXHeadersBuildPhase section */
		3963E08A1FA8206900FD701D /* Headers */ = {
			isa = PBXHeadersBuildPhase;
			buildActionMask = 2147483647;
			files = (
				3963E0921FA8206900FD701D /* SiberianVIPER.h in Headers */,
			);
			runOnlyForDeploymentPostprocessing = 0;
		};
/* End PBXHeadersBuildPhase section */

/* Begin PBXNativeTarget section */
		3963E08C1FA8206900FD701D /* SiberianVIPER */ = {
			isa = PBXNativeTarget;
			buildConfigurationList = 3963E0951FA8206900FD701D /* Build configuration list for PBXNativeTarget "SiberianVIPER" */;
			buildPhases = (
				3963E0881FA8206900FD701D /* Sources */,
				3963E0891FA8206900FD701D /* Frameworks */,
				3963E08A1FA8206900FD701D /* Headers */,
				3963E08B1FA8206900FD701D /* Resources */,
			);
			buildRules = (
			);
			dependencies = (
			);
			name = SiberianVIPER;
			productName = SiberianVIPER;
			productReference = 3963E08D1FA8206900FD701D /* SiberianVIPER.framework */;
			productType = "com.apple.product-type.framework";
		};
		39CC0B191FE17A33008144D3 /* Example */ = {
			isa = PBXNativeTarget;
			buildConfigurationList = 39CC0B2B1FE17A33008144D3 /* Build configuration list for PBXNativeTarget "Example" */;
			buildPhases = (
				39CC0B161FE17A33008144D3 /* Sources */,
				39CC0B171FE17A33008144D3 /* Frameworks */,
				39CC0B181FE17A33008144D3 /* Resources */,
			);
			buildRules = (
			);
			dependencies = (
				398C520F1FF0A63500FE2FF3 /* PBXTargetDependency */,
			);
			name = Example;
			productName = Example;
			productReference = 39CC0B1A1FE17A33008144D3 /* Example.app */;
			productType = "com.apple.product-type.application";
		};
/* End PBXNativeTarget section */

/* Begin PBXProject section */
		3963E0841FA8206900FD701D /* Project object */ = {
			isa = PBXProject;
			attributes = {
				LastSwiftUpdateCheck = 0920;
				LastUpgradeCheck = 0900;
				ORGANIZATIONNAME = "Sergey Petrachkov";
				TargetAttributes = {
					3963E08C1FA8206900FD701D = {
						CreatedOnToolsVersion = 9.0.1;
						LastSwiftMigration = 0900;
						ProvisioningStyle = Automatic;
					};
					39CC0B191FE17A33008144D3 = {
						CreatedOnToolsVersion = 9.2;
						ProvisioningStyle = Automatic;
					};
				};
			};
			buildConfigurationList = 3963E0871FA8206900FD701D /* Build configuration list for PBXProject "SiberianVIPER" */;
			compatibilityVersion = "Xcode 8.0";
			developmentRegion = en;
			hasScannedForEncodings = 0;
			knownRegions = (
				en,
				Base,
			);
			mainGroup = 3963E0831FA8206900FD701D;
			productRefGroup = 3963E08E1FA8206900FD701D /* Products */;
			projectDirPath = "";
			projectRoot = "";
			targets = (
				3963E08C1FA8206900FD701D /* SiberianVIPER */,
				39CC0B191FE17A33008144D3 /* Example */,
			);
		};
/* End PBXProject section */

/* Begin PBXResourcesBuildPhase section */
		3963E08B1FA8206900FD701D /* Resources */ = {
			isa = PBXResourcesBuildPhase;
			buildActionMask = 2147483647;
			files = (
			);
			runOnlyForDeploymentPostprocessing = 0;
		};
		39CC0B181FE17A33008144D3 /* Resources */ = {
			isa = PBXResourcesBuildPhase;
			buildActionMask = 2147483647;
			files = (
				39CC0B271FE17A33008144D3 /* LaunchScreen.storyboard in Resources */,
				39CC0B241FE17A33008144D3 /* Assets.xcassets in Resources */,
				39CC0B221FE17A33008144D3 /* Main.storyboard in Resources */,
			);
			runOnlyForDeploymentPostprocessing = 0;
		};
/* End PBXResourcesBuildPhase section */

/* Begin PBXSourcesBuildPhase section */
		3963E0881FA8206900FD701D /* Sources */ = {
			isa = PBXSourcesBuildPhase;
			buildActionMask = 2147483647;
			files = (
				3963E09F1FA8244500FD701D /* UIView+Closeable.swift in Sources */,
				3963E0A31FA8248E00FD701D /* CloseableRouter.swift in Sources */,
				39115AD4206348C9008BE0C9 /* ModuleResponse.swift in Sources */,
				398C51FD1FF0A33100FE2FF3 /* Awaitable.swift in Sources */,
				39C6A9821FECC4CB005D40C5 /* CollectionViewModel.swift in Sources */,
				3963E09C1FA8240A00FD701D /* Closeable.swift in Sources */,
				39115AD720635C55008BE0C9 /* ErrorReporter.swift in Sources */,
				3963E0A11FA8245200FD701D /* UIViewController+Closeable.swift in Sources */,
				3963E0AB1FA825B600FD701D /* SiberianCollection.swift in Sources */,
				39D6E0161FDEB6C30031A670 /* CollectionChange.swift in Sources */,
				398C52211FF0AB8300FE2FF3 /* CollectionPresenter.swift in Sources */,
				39D6E0141FDEB6710031A670 /* SiberianCollectionDelegate.swift in Sources */,
				39D6E0181FDEB7010031A670 /* UIKit+Siberia.swift in Sources */,
				3963E0A61FA824EB00FD701D /* Startable.swift in Sources */,
				39115ADA20637EDC008BE0C9 /* CollectionModuleMapper.swift in Sources */,
				39C6A9801FECC4BA005D40C5 /* BusyViewModel.swift in Sources */,
				3963E09A1FA8217500FD701D /* CollectionModelGeneric.swift in Sources */,
				39115AD22063461B008BE0C9 /* ModuleRequest.swift in Sources */,
				398C51F91FF0A2EF00FE2FF3 /* CloseableModule.swift in Sources */,
				3963E0A81FA8251600FD701D /* Presenter.swift in Sources */,
			);
			runOnlyForDeploymentPostprocessing = 0;
		};
		39CC0B161FE17A33008144D3 /* Sources */ = {
			isa = PBXSourcesBuildPhase;
			buildActionMask = 2147483647;
			files = (
				39CC0B371FE17A67008144D3 /* WelcomeAssembly.swift in Sources */,
				398C52191FF0A83A00FE2FF3 /* ListPresenter.swift in Sources */,
				39CC0B391FE17A67008144D3 /* WelcomeEntities.swift in Sources */,
				39CC0B381FE17A67008144D3 /* WelcomeInteractor.swift in Sources */,
				39CC0B361FE17A67008144D3 /* WelcomeViewController.swift in Sources */,
				3936C9C51FF0E01400F3A3E7 /* ListCell.swift in Sources */,
				398C521D1FF0A83A00FE2FF3 /* ListInteractor.swift in Sources */,
				398C521E1FF0A83A00FE2FF3 /* ListEntities.swift in Sources */,
				398C521C1FF0A83A00FE2FF3 /* ListAssembly.swift in Sources */,
				398C521B1FF0A83A00FE2FF3 /* ListViewController.swift in Sources */,
				39CC0B341FE17A67008144D3 /* WelcomePresenter.swift in Sources */,
				39CC0B3A1FE17A67008144D3 /* WelcomeService.swift in Sources */,
				39CC0B1D1FE17A33008144D3 /* AppDelegate.swift in Sources */,
				398C521F1FF0A83A00FE2FF3 /* ListService.swift in Sources */,
				398C521A1FF0A83A00FE2FF3 /* ListRouter.swift in Sources */,
				39CC0B351FE17A67008144D3 /* WelcomeRouter.swift in Sources */,
			);
			runOnlyForDeploymentPostprocessing = 0;
		};
/* End PBXSourcesBuildPhase section */

/* Begin PBXTargetDependency section */
		398C520F1FF0A63500FE2FF3 /* PBXTargetDependency */ = {
			isa = PBXTargetDependency;
			target = 3963E08C1FA8206900FD701D /* SiberianVIPER */;
			targetProxy = 398C520E1FF0A63500FE2FF3 /* PBXContainerItemProxy */;
		};
/* End PBXTargetDependency section */

/* Begin PBXVariantGroup section */
		39CC0B201FE17A33008144D3 /* Main.storyboard */ = {
			isa = PBXVariantGroup;
			children = (
				39CC0B211FE17A33008144D3 /* Base */,
			);
			name = Main.storyboard;
			sourceTree = "<group>";
		};
		39CC0B251FE17A33008144D3 /* LaunchScreen.storyboard */ = {
			isa = PBXVariantGroup;
			children = (
				39CC0B261FE17A33008144D3 /* Base */,
			);
			name = LaunchScreen.storyboard;
			sourceTree = "<group>";
		};
/* End PBXVariantGroup section */

/* Begin XCBuildConfiguration section */
		3963E0931FA8206900FD701D /* Debug */ = {
			isa = XCBuildConfiguration;
			buildSettings = {
				ALWAYS_SEARCH_USER_PATHS = NO;
				CLANG_ANALYZER_NONNULL = YES;
				CLANG_ANALYZER_NUMBER_OBJECT_CONVERSION = YES_AGGRESSIVE;
				CLANG_CXX_LANGUAGE_STANDARD = "gnu++14";
				CLANG_CXX_LIBRARY = "libc++";
				CLANG_ENABLE_MODULES = YES;
				CLANG_ENABLE_OBJC_ARC = YES;
				CLANG_WARN_BLOCK_CAPTURE_AUTORELEASING = YES;
				CLANG_WARN_BOOL_CONVERSION = YES;
				CLANG_WARN_COMMA = YES;
				CLANG_WARN_CONSTANT_CONVERSION = YES;
				CLANG_WARN_DIRECT_OBJC_ISA_USAGE = YES_ERROR;
				CLANG_WARN_DOCUMENTATION_COMMENTS = YES;
				CLANG_WARN_EMPTY_BODY = YES;
				CLANG_WARN_ENUM_CONVERSION = YES;
				CLANG_WARN_INFINITE_RECURSION = YES;
				CLANG_WARN_INT_CONVERSION = YES;
				CLANG_WARN_NON_LITERAL_NULL_CONVERSION = YES;
				CLANG_WARN_OBJC_LITERAL_CONVERSION = YES;
				CLANG_WARN_OBJC_ROOT_CLASS = YES_ERROR;
				CLANG_WARN_RANGE_LOOP_ANALYSIS = YES;
				CLANG_WARN_STRICT_PROTOTYPES = YES;
				CLANG_WARN_SUSPICIOUS_MOVE = YES;
				CLANG_WARN_UNGUARDED_AVAILABILITY = YES_AGGRESSIVE;
				CLANG_WARN_UNREACHABLE_CODE = YES;
				CLANG_WARN__DUPLICATE_METHOD_MATCH = YES;
				CODE_SIGN_IDENTITY = "iPhone Developer";
				COPY_PHASE_STRIP = NO;
				CURRENT_PROJECT_VERSION = 1;
				DEBUG_INFORMATION_FORMAT = dwarf;
				ENABLE_STRICT_OBJC_MSGSEND = YES;
				ENABLE_TESTABILITY = YES;
				GCC_C_LANGUAGE_STANDARD = gnu11;
				GCC_DYNAMIC_NO_PIC = NO;
				GCC_NO_COMMON_BLOCKS = YES;
				GCC_OPTIMIZATION_LEVEL = 0;
				GCC_PREPROCESSOR_DEFINITIONS = (
					"DEBUG=1",
					"$(inherited)",
				);
				GCC_WARN_64_TO_32_BIT_CONVERSION = YES;
				GCC_WARN_ABOUT_RETURN_TYPE = YES_ERROR;
				GCC_WARN_UNDECLARED_SELECTOR = YES;
				GCC_WARN_UNINITIALIZED_AUTOS = YES_AGGRESSIVE;
				GCC_WARN_UNUSED_FUNCTION = YES;
				GCC_WARN_UNUSED_VARIABLE = YES;
				IPHONEOS_DEPLOYMENT_TARGET = 11.0;
				MTL_ENABLE_DEBUG_INFO = YES;
				ONLY_ACTIVE_ARCH = YES;
				SDKROOT = iphoneos;
				SWIFT_ACTIVE_COMPILATION_CONDITIONS = DEBUG;
				SWIFT_OPTIMIZATION_LEVEL = "-Onone";
				VERSIONING_SYSTEM = "apple-generic";
				VERSION_INFO_PREFIX = "";
			};
			name = Debug;
		};
		3963E0941FA8206900FD701D /* Release */ = {
			isa = XCBuildConfiguration;
			buildSettings = {
				ALWAYS_SEARCH_USER_PATHS = NO;
				CLANG_ANALYZER_NONNULL = YES;
				CLANG_ANALYZER_NUMBER_OBJECT_CONVERSION = YES_AGGRESSIVE;
				CLANG_CXX_LANGUAGE_STANDARD = "gnu++14";
				CLANG_CXX_LIBRARY = "libc++";
				CLANG_ENABLE_MODULES = YES;
				CLANG_ENABLE_OBJC_ARC = YES;
				CLANG_WARN_BLOCK_CAPTURE_AUTORELEASING = YES;
				CLANG_WARN_BOOL_CONVERSION = YES;
				CLANG_WARN_COMMA = YES;
				CLANG_WARN_CONSTANT_CONVERSION = YES;
				CLANG_WARN_DIRECT_OBJC_ISA_USAGE = YES_ERROR;
				CLANG_WARN_DOCUMENTATION_COMMENTS = YES;
				CLANG_WARN_EMPTY_BODY = YES;
				CLANG_WARN_ENUM_CONVERSION = YES;
				CLANG_WARN_INFINITE_RECURSION = YES;
				CLANG_WARN_INT_CONVERSION = YES;
				CLANG_WARN_NON_LITERAL_NULL_CONVERSION = YES;
				CLANG_WARN_OBJC_LITERAL_CONVERSION = YES;
				CLANG_WARN_OBJC_ROOT_CLASS = YES_ERROR;
				CLANG_WARN_RANGE_LOOP_ANALYSIS = YES;
				CLANG_WARN_STRICT_PROTOTYPES = YES;
				CLANG_WARN_SUSPICIOUS_MOVE = YES;
				CLANG_WARN_UNGUARDED_AVAILABILITY = YES_AGGRESSIVE;
				CLANG_WARN_UNREACHABLE_CODE = YES;
				CLANG_WARN__DUPLICATE_METHOD_MATCH = YES;
				CODE_SIGN_IDENTITY = "iPhone Developer";
				COPY_PHASE_STRIP = NO;
				CURRENT_PROJECT_VERSION = 1;
				DEBUG_INFORMATION_FORMAT = "dwarf-with-dsym";
				ENABLE_NS_ASSERTIONS = NO;
				ENABLE_STRICT_OBJC_MSGSEND = YES;
				GCC_C_LANGUAGE_STANDARD = gnu11;
				GCC_NO_COMMON_BLOCKS = YES;
				GCC_WARN_64_TO_32_BIT_CONVERSION = YES;
				GCC_WARN_ABOUT_RETURN_TYPE = YES_ERROR;
				GCC_WARN_UNDECLARED_SELECTOR = YES;
				GCC_WARN_UNINITIALIZED_AUTOS = YES_AGGRESSIVE;
				GCC_WARN_UNUSED_FUNCTION = YES;
				GCC_WARN_UNUSED_VARIABLE = YES;
				IPHONEOS_DEPLOYMENT_TARGET = 11.0;
				MTL_ENABLE_DEBUG_INFO = NO;
				SDKROOT = iphoneos;
				SWIFT_OPTIMIZATION_LEVEL = "-Owholemodule";
				VALIDATE_PRODUCT = YES;
				VERSIONING_SYSTEM = "apple-generic";
				VERSION_INFO_PREFIX = "";
			};
			name = Release;
		};
		3963E0961FA8206900FD701D /* Debug */ = {
			isa = XCBuildConfiguration;
			buildSettings = {
				CLANG_ENABLE_MODULES = YES;
				CODE_SIGN_IDENTITY = "";
				CODE_SIGN_STYLE = Automatic;
				DEFINES_MODULE = YES;
				DYLIB_COMPATIBILITY_VERSION = 1;
				DYLIB_CURRENT_VERSION = 1;
				DYLIB_INSTALL_NAME_BASE = "@rpath";
				INFOPLIST_FILE = SiberianVIPER/Info.plist;
				INSTALL_PATH = "$(LOCAL_LIBRARY_DIR)/Frameworks";
				IPHONEOS_DEPLOYMENT_TARGET = 9.0;
				LD_RUNPATH_SEARCH_PATHS = "$(inherited) @executable_path/Frameworks @loader_path/Frameworks";
				PRODUCT_BUNDLE_IDENTIFIER = com.petrachkov.SiberianVIPER;
				PRODUCT_NAME = "$(TARGET_NAME:c99extidentifier)";
				SKIP_INSTALL = YES;
				SWIFT_OPTIMIZATION_LEVEL = "-Onone";
				SWIFT_VERSION = 4.0;
				TARGETED_DEVICE_FAMILY = "1,2";
			};
			name = Debug;
		};
		3963E0971FA8206900FD701D /* Release */ = {
			isa = XCBuildConfiguration;
			buildSettings = {
				CLANG_ENABLE_MODULES = YES;
				CODE_SIGN_IDENTITY = "";
				CODE_SIGN_STYLE = Automatic;
				DEFINES_MODULE = YES;
				DYLIB_COMPATIBILITY_VERSION = 1;
				DYLIB_CURRENT_VERSION = 1;
				DYLIB_INSTALL_NAME_BASE = "@rpath";
				INFOPLIST_FILE = SiberianVIPER/Info.plist;
				INSTALL_PATH = "$(LOCAL_LIBRARY_DIR)/Frameworks";
				IPHONEOS_DEPLOYMENT_TARGET = 9.0;
				LD_RUNPATH_SEARCH_PATHS = "$(inherited) @executable_path/Frameworks @loader_path/Frameworks";
				PRODUCT_BUNDLE_IDENTIFIER = com.petrachkov.SiberianVIPER;
				PRODUCT_NAME = "$(TARGET_NAME:c99extidentifier)";
				SKIP_INSTALL = YES;
				SWIFT_VERSION = 4.0;
				TARGETED_DEVICE_FAMILY = "1,2";
			};
			name = Release;
		};
		39CC0B291FE17A33008144D3 /* Debug */ = {
			isa = XCBuildConfiguration;
			buildSettings = {
				ASSETCATALOG_COMPILER_APPICON_NAME = AppIcon;
				CODE_SIGN_STYLE = Automatic;
				INFOPLIST_FILE = Example/Info.plist;
				IPHONEOS_DEPLOYMENT_TARGET = 11.2;
				LD_RUNPATH_SEARCH_PATHS = "$(inherited) @executable_path/Frameworks";
				PRODUCT_BUNDLE_IDENTIFIER = com.petrachkov.Example;
				PRODUCT_NAME = "$(TARGET_NAME)";
				SWIFT_VERSION = 4.0;
				TARGETED_DEVICE_FAMILY = "1,2";
			};
			name = Debug;
		};
		39CC0B2A1FE17A33008144D3 /* Release */ = {
			isa = XCBuildConfiguration;
			buildSettings = {
				ASSETCATALOG_COMPILER_APPICON_NAME = AppIcon;
				CODE_SIGN_STYLE = Automatic;
				INFOPLIST_FILE = Example/Info.plist;
				IPHONEOS_DEPLOYMENT_TARGET = 11.2;
				LD_RUNPATH_SEARCH_PATHS = "$(inherited) @executable_path/Frameworks";
				PRODUCT_BUNDLE_IDENTIFIER = com.petrachkov.Example;
				PRODUCT_NAME = "$(TARGET_NAME)";
				SWIFT_VERSION = 4.0;
				TARGETED_DEVICE_FAMILY = "1,2";
			};
			name = Release;
		};
/* End XCBuildConfiguration section */

/* Begin XCConfigurationList section */
		3963E0871FA8206900FD701D /* Build configuration list for PBXProject "SiberianVIPER" */ = {
			isa = XCConfigurationList;
			buildConfigurations = (
				3963E0931FA8206900FD701D /* Debug */,
				3963E0941FA8206900FD701D /* Release */,
			);
			defaultConfigurationIsVisible = 0;
			defaultConfigurationName = Release;
		};
		3963E0951FA8206900FD701D /* Build configuration list for PBXNativeTarget "SiberianVIPER" */ = {
			isa = XCConfigurationList;
			buildConfigurations = (
				3963E0961FA8206900FD701D /* Debug */,
				3963E0971FA8206900FD701D /* Release */,
			);
			defaultConfigurationIsVisible = 0;
			defaultConfigurationName = Release;
		};
		39CC0B2B1FE17A33008144D3 /* Build configuration list for PBXNativeTarget "Example" */ = {
			isa = XCConfigurationList;
			buildConfigurations = (
				39CC0B291FE17A33008144D3 /* Debug */,
				39CC0B2A1FE17A33008144D3 /* Release */,
			);
			defaultConfigurationIsVisible = 0;
			defaultConfigurationName = Release;
		};
/* End XCConfigurationList section */
	};
	rootObject = 3963E0841FA8206900FD701D /* Project object */;
}
